
Microsoft Visual Studio Solution File, Format Version 12.00
# Visual Studio Version 16
VisualStudioVersion = 16.0.31624.102
MinimumVisualStudioVersion = 10.0.40219.1
Project("{FAE04EC0-301F-11D3-BF4B-00C04F79EFBC}") = "VkScriptAnalyzer", "VkScriptAnalyzer\VkScriptAnalyzer.csproj", "{04AE1013-EAB5-4A94-B5C0-D92F7E55A7A0}"
EndProject
Project("{FAE04EC0-301F-11D3-BF4B-00C04F79EFBC}") = "VkScriptAnalyzerTests", "VkScriptAnalyzerTests\VkScriptAnalyzerTests.csproj", "{9582A312-9A39-45F0-8049-99C593B07895}"
EndProject
Global
	GlobalSection(SolutionConfigurationPlatforms) = preSolution
		Debug|Any CPU = Debug|Any CPU
		Release|Any CPU = Release|Any CPU
	EndGlobalSection
	GlobalSection(ProjectConfigurationPlatforms) = postSolution
		{04AE1013-EAB5-4A94-B5C0-D92F7E55A7A0}.Debug|Any CPU.ActiveCfg = Debug|Any CPU
		{04AE1013-EAB5-4A94-B5C0-D92F7E55A7A0}.Debug|Any CPU.Build.0 = Debug|Any CPU
		{04AE1013-EAB5-4A94-B5C0-D92F7E55A7A0}.Release|Any CPU.ActiveCfg = Release|Any CPU
		{04AE1013-EAB5-4A94-B5C0-D92F7E55A7A0}.Release|Any CPU.Build.0 = Release|Any CPU
		{9582A312-9A39-45F0-8049-99C593B07895}.Debug|Any CPU.ActiveCfg = Debug|Any CPU
		{9582A312-9A39-45F0-8049-99C593B07895}.Debug|Any CPU.Build.0 = Debug|Any CPU
		{9582A312-9A39-45F0-8049-99C593B07895}.Release|Any CPU.ActiveCfg = Release|Any CPU
		{9582A312-9A39-45F0-8049-99C593B07895}.Release|Any CPU.Build.0 = Release|Any CPU
	EndGlobalSection
	GlobalSection(SolutionProperties) = preSolution
		HideSolutionNode = FALSE
	EndGlobalSection
	GlobalSection(ExtensibilityGlobals) = postSolution
		SolutionGuid = {F1FA382E-2CE4-41A6-AE7E-7C42153C9FD6}
	EndGlobalSection
EndGlobal
