
Microsoft Visual Studio Solution File, Format Version 12.00
# Visual Studio Version 16
VisualStudioVersion = 16.0.31624.102
MinimumVisualStudioVersion = 10.0.40219.1
Project("{FAE04EC0-301F-11D3-BF4B-00C04F79EFBC}") = "VkScriptAnalyzer", "VkScriptAnalyzer\VkScriptAnalyzer.csproj", "{04AE1013-EAB5-4A94-B5C0-D92F7E55A7A0}"
EndProject
Project("{FAE04EC0-301F-11D3-BF4B-00C04F79EFBC}") = "VkScriptAnalyzerTests", "VkScriptAnalyzerTests\VkScriptAnalyzerTests.csproj", "{CC334730-AF0C-4785-A8AA-CE2C80E4C2D6}"
EndProject
Global
	GlobalSection(SolutionConfigurationPlatforms) = preSolution
		Debug|Any CPU = Debug|Any CPU
		Release|Any CPU = Release|Any CPU
	EndGlobalSection
	GlobalSection(ProjectConfigurationPlatforms) = postSolution
		{04AE1013-EAB5-4A94-B5C0-D92F7E55A7A0}.Debug|Any CPU.ActiveCfg = Debug|Any CPU
		{04AE1013-EAB5-4A94-B5C0-D92F7E55A7A0}.Debug|Any CPU.Build.0 = Debug|Any CPU
		{04AE1013-EAB5-4A94-B5C0-D92F7E55A7A0}.Release|Any CPU.ActiveCfg = Release|Any CPU
		{04AE1013-EAB5-4A94-B5C0-D92F7E55A7A0}.Release|Any CPU.Build.0 = Release|Any CPU
		{CC334730-AF0C-4785-A8AA-CE2C80E4C2D6}.Debug|Any CPU.ActiveCfg = Debug|Any CPU
		{CC334730-AF0C-4785-A8AA-CE2C80E4C2D6}.Debug|Any CPU.Build.0 = Debug|Any CPU
		{CC334730-AF0C-4785-A8AA-CE2C80E4C2D6}.Release|Any CPU.ActiveCfg = Release|Any CPU
		{CC334730-AF0C-4785-A8AA-CE2C80E4C2D6}.Release|Any CPU.Build.0 = Release|Any CPU
	EndGlobalSection
	GlobalSection(SolutionProperties) = preSolution
		HideSolutionNode = FALSE
	EndGlobalSection
	GlobalSection(ExtensibilityGlobals) = postSolution
		SolutionGuid = {F1FA382E-2CE4-41A6-AE7E-7C42153C9FD6}
	EndGlobalSection
EndGlobal
